
Microsoft Visual Studio Solution File, Format Version 12.00
# Visual Studio 16
VisualStudioVersion = 16.0.34407.143
MinimumVisualStudioVersion = 10.0.40219.1
Project("{8BC9CEB8-8B4A-11D0-8D11-00A0C91BC942}") = "ConvertWordToPDF", "ConvertWordToPDF.vcxproj", "{B8C4F3A2-6D5E-4F9B-A02C-7E3D4F5A6B1C}"
EndProject
Global
	GlobalSection(SolutionConfigurationPlatforms) = preSolution
		Debug|x64 = Debug|x64
		Release|x64 = Release|x64
	EndGlobalSection
	GlobalSection(ProjectConfigurationPlatforms) = postSolution
		{B8C4F3A2-6D5E-4F9B-A02C-7E3D4F5A6B1C}.Debug|x64.ActiveCfg = Debug|x64
		{B8C4F3A2-6D5E-4F9B-A02C-7E3D4F5A6B1C}.Debug|x64.Build.0 = Debug|x64
		{B8C4F3A2-6D5E-4F9B-A02C-7E3D4F5A6B1C}.Release|x64.ActiveCfg = Release|x64
		{B8C4F3A2-6D5E-4F9B-A02C-7E3D4F5A6B1C}.Release|x64.Build.0 = Release|x64
	EndGlobalSection
	GlobalSection(SolutionProperties) = preSolution
		HideSolutionNode = FALSE
	EndGlobalSection
	GlobalSection(ExtensibilityGlobals) = postSolution
		SolutionGuid = {6D5F8C43-AE94-4F26-B93D-7F4C8D9E0A33}
	EndGlobalSection
EndGlobal
